Microsoft Visual Studio Solution File, Format Version 12.00
# Visual Studio Version 17
VisualStudioVersion = 17.5.2.0
MinimumVisualStudioVersion = 10.0.40219.1
Project("{FAE04EC0-301F-11D3-BF4B-00C04F79EFBC}") = "VectorEditor", "VectorEditor.csproj", "{974CF8C7-6EC2-40C6-B8A2-7F03F5E686C9}"
EndProject
Global
	GlobalSection(SolutionConfigurationPlatforms) = preSolution
		Debug|Any CPU = Debug|Any CPU
		Release|Any CPU = Release|Any CPU
	EndGlobalSection
	GlobalSection(ProjectConfigurationPlatforms) = postSolution
		{974CF8C7-6EC2-40C6-B8A2-7F03F5E686C9}.Debug|Any CPU.ActiveCfg = Debug|Any CPU
		{974CF8C7-6EC2-40C6-B8A2-7F03F5E686C9}.Debug|Any CPU.Build.0 = Debug|Any CPU
		{974CF8C7-6EC2-40C6-B8A2-7F03F5E686C9}.Release|Any CPU.ActiveCfg = Release|Any CPU
		{974CF8C7-6EC2-40C6-B8A2-7F03F5E686C9}.Release|Any CPU.Build.0 = Release|Any CPU
	EndGlobalSection
	GlobalSection(SolutionProperties) = preSolution
		HideSolutionNode = FALSE
	EndGlobalSection
	GlobalSection(ExtensibilityGlobals) = postSolution
		SolutionGuid = {ACE306C3-2D63-429D-9D67-7256B473EE12}
	EndGlobalSection
EndGlobal
